
Microsoft Visual Studio Solution File, Format Version 12.00
# Visual Studio Version 16
VisualStudioVersion = 16.0.29102.190
MinimumVisualStudioVersion = 10.0.40219.1
Project("{FAE04EC0-301F-11D3-BF4B-00C04F79EFBC}") = "Huawei Router Tool", "Huawei Router Tool\Huawei Router Tool.csproj", "{0CB4CC98-8C91-467E-969D-3709C8392727}"
EndProject
Project("{9A19103F-16F7-4668-BE54-9A1E7A4F7556}") = "HuaweiAPIDLL", "HuaweiAPIDLL\HuaweiAPIDLL.csproj", "{9194B60F-A02C-4E8F-8D11-B35DD634AE68}"
EndProject
Project("{FAE04EC0-301F-11D3-BF4B-00C04F79EFBC}") = "Test API", "Test API\Test API.csproj", "{AF1C8D84-7A38-4463-A981-17AA21854DF2}"
EndProject
Project("{FAE04EC0-301F-11D3-BF4B-00C04F79EFBC}") = "Send SMS", "Send SMS\Send SMS.csproj", "{C851311C-4D92-4503-9160-D74A879D9E72}"
EndProject
Global
	GlobalSection(SolutionConfigurationPlatforms) = preSolution
		Debug|Any CPU = Debug|Any CPU
		Debug|x64 = Debug|x64
		Debug|x86 = Debug|x86
		Release|Any CPU = Release|Any CPU
		Release|x64 = Release|x64
		Release|x86 = Release|x86
	EndGlobalSection
	GlobalSection(ProjectConfigurationPlatforms) = postSolution
		{0CB4CC98-8C91-467E-969D-3709C8392727}.Debug|Any CPU.ActiveCfg = Debug|Any CPU
		{0CB4CC98-8C91-467E-969D-3709C8392727}.Debug|Any CPU.Build.0 = Debug|Any CPU
		{0CB4CC98-8C91-467E-969D-3709C8392727}.Debug|x64.ActiveCfg = Debug|x64
		{0CB4CC98-8C91-467E-969D-3709C8392727}.Debug|x64.Build.0 = Debug|x64
		{0CB4CC98-8C91-467E-969D-3709C8392727}.Debug|x86.ActiveCfg = Debug|x86
		{0CB4CC98-8C91-467E-969D-3709C8392727}.Debug|x86.Build.0 = Debug|x86
		{0CB4CC98-8C91-467E-969D-3709C8392727}.Release|Any CPU.ActiveCfg = Release|Any CPU
		{0CB4CC98-8C91-467E-969D-3709C8392727}.Release|Any CPU.Build.0 = Release|Any CPU
		{0CB4CC98-8C91-467E-969D-3709C8392727}.Release|x64.ActiveCfg = Release|x64
		{0CB4CC98-8C91-467E-969D-3709C8392727}.Release|x64.Build.0 = Release|x64
		{0CB4CC98-8C91-467E-969D-3709C8392727}.Release|x86.ActiveCfg = Release|Any CPU
		{0CB4CC98-8C91-467E-969D-3709C8392727}.Release|x86.Build.0 = Release|Any CPU
		{9194B60F-A02C-4E8F-8D11-B35DD634AE68}.Debug|Any CPU.ActiveCfg = Debug|Any CPU
		{9194B60F-A02C-4E8F-8D11-B35DD634AE68}.Debug|Any CPU.Build.0 = Debug|Any CPU
		{9194B60F-A02C-4E8F-8D11-B35DD634AE68}.Debug|x64.ActiveCfg = Debug|Any CPU
		{9194B60F-A02C-4E8F-8D11-B35DD634AE68}.Debug|x64.Build.0 = Debug|Any CPU
		{9194B60F-A02C-4E8F-8D11-B35DD634AE68}.Debug|x86.ActiveCfg = Debug|Any CPU
		{9194B60F-A02C-4E8F-8D11-B35DD634AE68}.Debug|x86.Build.0 = Debug|Any CPU
		{9194B60F-A02C-4E8F-8D11-B35DD634AE68}.Release|Any CPU.ActiveCfg = Release|Any CPU
		{9194B60F-A02C-4E8F-8D11-B35DD634AE68}.Release|Any CPU.Build.0 = Release|Any CPU
		{9194B60F-A02C-4E8F-8D11-B35DD634AE68}.Release|x64.ActiveCfg = Release|Any CPU
		{9194B60F-A02C-4E8F-8D11-B35DD634AE68}.Release|x64.Build.0 = Release|Any CPU
		{9194B60F-A02C-4E8F-8D11-B35DD634AE68}.Release|x86.ActiveCfg = Release|Any CPU
		{9194B60F-A02C-4E8F-8D11-B35DD634AE68}.Release|x86.Build.0 = Release|Any CPU
		{AF1C8D84-7A38-4463-A981-17AA21854DF2}.Debug|Any CPU.ActiveCfg = Debug|Any CPU
		{AF1C8D84-7A38-4463-A981-17AA21854DF2}.Debug|Any CPU.Build.0 = Debug|Any CPU
		{AF1C8D84-7A38-4463-A981-17AA21854DF2}.Debug|x64.ActiveCfg = Debug|Any CPU
		{AF1C8D84-7A38-4463-A981-17AA21854DF2}.Debug|x64.Build.0 = Debug|Any CPU
		{AF1C8D84-7A38-4463-A981-17AA21854DF2}.Debug|x86.ActiveCfg = Debug|Any CPU
		{AF1C8D84-7A38-4463-A981-17AA21854DF2}.Debug|x86.Build.0 = Debug|Any CPU
		{AF1C8D84-7A38-4463-A981-17AA21854DF2}.Release|Any CPU.ActiveCfg = Release|Any CPU
		{AF1C8D84-7A38-4463-A981-17AA21854DF2}.Release|Any CPU.Build.0 = Release|Any CPU
		{AF1C8D84-7A38-4463-A981-17AA21854DF2}.Release|x64.ActiveCfg = Release|Any CPU
		{AF1C8D84-7A38-4463-A981-17AA21854DF2}.Release|x64.Build.0 = Release|Any CPU
		{AF1C8D84-7A38-4463-A981-17AA21854DF2}.Release|x86.ActiveCfg = Release|Any CPU
		{AF1C8D84-7A38-4463-A981-17AA21854DF2}.Release|x86.Build.0 = Release|Any CPU
		{C851311C-4D92-4503-9160-D74A879D9E72}.Debug|Any CPU.ActiveCfg = Debug|Any CPU
		{C851311C-4D92-4503-9160-D74A879D9E72}.Debug|Any CPU.Build.0 = Debug|Any CPU
		{C851311C-4D92-4503-9160-D74A879D9E72}.Debug|x64.ActiveCfg = Debug|Any CPU
		{C851311C-4D92-4503-9160-D74A879D9E72}.Debug|x64.Build.0 = Debug|Any CPU
		{C851311C-4D92-4503-9160-D74A879D9E72}.Debug|x86.ActiveCfg = Debug|Any CPU
		{C851311C-4D92-4503-9160-D74A879D9E72}.Debug|x86.Build.0 = Debug|Any CPU
		{C851311C-4D92-4503-9160-D74A879D9E72}.Release|Any CPU.ActiveCfg = Release|Any CPU
		{C851311C-4D92-4503-9160-D74A879D9E72}.Release|Any CPU.Build.0 = Release|Any CPU
		{C851311C-4D92-4503-9160-D74A879D9E72}.Release|x64.ActiveCfg = Release|Any CPU
		{C851311C-4D92-4503-9160-D74A879D9E72}.Release|x64.Build.0 = Release|Any CPU
		{C851311C-4D92-4503-9160-D74A879D9E72}.Release|x86.ActiveCfg = Release|Any CPU
		{C851311C-4D92-4503-9160-D74A879D9E72}.Release|x86.Build.0 = Release|Any CPU
	EndGlobalSection
	GlobalSection(SolutionProperties) = preSolution
		HideSolutionNode = FALSE
	EndGlobalSection
	GlobalSection(ExtensibilityGlobals) = postSolution
		SolutionGuid = {38811EF9-A0F8-4ABB-AD9E-7CEF6A6B8AC5}
	EndGlobalSection
EndGlobal
