
Microsoft Visual Studio Solution File, Format Version 12.00
# Visual Studio Version 16
VisualStudioVersion = 16.0.29102.190
MinimumVisualStudioVersion = 10.0.40219.1
Project("{FAE04EC0-301F-11D3-BF4B-00C04F79EFBC}") = "Huawei Router Tool", "Huawei Router Tool\Huawei Router Tool.csproj", "{0CB4CC98-8C91-467E-969D-3709C8392727}"
EndProject
Global
	GlobalSection(SolutionConfigurationPlatforms) = preSolution
		Debug|Any CPU = Debug|Any CPU
		Debug|x64 = Debug|x64
		Debug|x86 = Debug|x86
		Release|Any CPU = Release|Any CPU
		Release|x64 = Release|x64
		Release|x86 = Release|x86
	EndGlobalSection
	GlobalSection(ProjectConfigurationPlatforms) = postSolution
		{0CB4CC98-8C91-467E-969D-3709C8392727}.Debug|Any CPU.ActiveCfg = Debug|Any CPU
		{0CB4CC98-8C91-467E-969D-3709C8392727}.Debug|Any CPU.Build.0 = Debug|Any CPU
		{0CB4CC98-8C91-467E-969D-3709C8392727}.Debug|x64.ActiveCfg = Debug|x64
		{0CB4CC98-8C91-467E-969D-3709C8392727}.Debug|x64.Build.0 = Debug|x64
		{0CB4CC98-8C91-467E-969D-3709C8392727}.Debug|x86.ActiveCfg = Debug|Any CPU
		{0CB4CC98-8C91-467E-969D-3709C8392727}.Debug|x86.Build.0 = Debug|Any CPU
		{0CB4CC98-8C91-467E-969D-3709C8392727}.Release|Any CPU.ActiveCfg = Release|Any CPU
		{0CB4CC98-8C91-467E-969D-3709C8392727}.Release|Any CPU.Build.0 = Release|Any CPU
		{0CB4CC98-8C91-467E-969D-3709C8392727}.Release|x64.ActiveCfg = Release|x64
		{0CB4CC98-8C91-467E-969D-3709C8392727}.Release|x64.Build.0 = Release|x64
		{0CB4CC98-8C91-467E-969D-3709C8392727}.Release|x86.ActiveCfg = Release|Any CPU
		{0CB4CC98-8C91-467E-969D-3709C8392727}.Release|x86.Build.0 = Release|Any CPU
	EndGlobalSection
	GlobalSection(SolutionProperties) = preSolution
		HideSolutionNode = FALSE
	EndGlobalSection
	GlobalSection(ExtensibilityGlobals) = postSolution
		SolutionGuid = {38811EF9-A0F8-4ABB-AD9E-7CEF6A6B8AC5}
	EndGlobalSection
EndGlobal
